// !$*UTF8*$!
{
	archiveVersion = 1;
	classes = {
	};
	objectVersion = 46;
	objects = {

/* Begin PBXBuildFile section */
		991996EF1DBFC89F00D3EA8A /* AppDelegate.swift in Sources */ = {isa = PBXBuildFile; fileRef = 991996EE1DBFC89F00D3EA8A /* AppDelegate.swift */; };
		991996F11DBFC89F00D3EA8A /* LoginController.swift in Sources */ = {isa = PBXBuildFile; fileRef = 991996F01DBFC89F00D3EA8A /* LoginController.swift */; };
		991996F41DBFC89F00D3EA8A /* Main.storyboard in Resources */ = {isa = PBXBuildFile; fileRef = 991996F21DBFC89F00D3EA8A /* Main.storyboard */; };
		991996F71DBFC89F00D3EA8A /* FacebookLogin.xcdatamodeld in Sources */ = {isa = PBXBuildFile; fileRef = 991996F51DBFC89F00D3EA8A /* FacebookLogin.xcdatamodeld */; };
		991996F91DBFC89F00D3EA8A /* Assets.xcassets in Resources */ = {isa = PBXBuildFile; fileRef = 991996F81DBFC89F00D3EA8A /* Assets.xcassets */; };
		991996FC1DBFC89F00D3EA8A /* LaunchScreen.storyboard in Resources */ = {isa = PBXBuildFile; fileRef = 991996FA1DBFC89F00D3EA8A /* LaunchScreen.storyboard */; };
		991997051DBFCBC500D3EA8A /* GoogleService-Info.plist in Resources */ = {isa = PBXBuildFile; fileRef = 991997041DBFCBC500D3EA8A /* GoogleService-Info.plist */; };
		CEB8ECE19FE4905389D90778 /* Pods_FacebookLogin.framework in Frameworks */ = {isa = PBXBuildFile; fileRef = 42C753EF773EAE68566140CC /* Pods_FacebookLogin.framework */; };
/* End PBXBuildFile section */

/* Begin PBXFileReference section */
		41E0A3255A72A2D82A230E0F /* Pods-FacebookLogin.release.xcconfig */ = {isa = PBXFileReference; includeInIndex = 1; lastKnownFileType = text.xcconfig; name = "Pods-FacebookLogin.release.xcconfig"; path = "Pods/Target Support Files/Pods-FacebookLogin/Pods-FacebookLogin.release.xcconfig"; sourceTree = "<group>"; };
		42C753EF773EAE68566140CC /* Pods_FacebookLogin.framework */ = {isa = PBXFileReference; explicitFileType = wrapper.framework; includeInIndex = 0; path = Pods_FacebookLogin.framework; sourceTree = BUILT_PRODUCTS_DIR; };
		991996EB1DBFC89F00D3EA8A /* FacebookLogin.app */ = {isa = PBXFileReference; explicitFileType = wrapper.application; includeInIndex = 0; path = FacebookLogin.app; sourceTree = BUILT_PRODUCTS_DIR; };
		991996EE1DBFC89F00D3EA8A /* AppDelegate.swift */ = {isa = PBXFileReference; lastKnownFileType = sourcecode.swift; path = AppDelegate.swift; sourceTree = "<group>"; };
		991996F01DBFC89F00D3EA8A /* LoginController.swift */ = {isa = PBXFileReference; lastKnownFileType = sourcecode.swift; path = LoginController.swift; sourceTree = "<group>"; };
		991996F31DBFC89F00D3EA8A /* Base */ = {isa = PBXFileReference; lastKnownFileType = file.storyboard; name = Base; path = Base.lproj/Main.storyboard; sourceTree = "<group>"; };
		991996F61DBFC89F00D3EA8A /* FacebookLogin.xcdatamodel */ = {isa = PBXFileReference; lastKnownFileType = wrapper.xcdatamodel; path = FacebookLogin.xcdatamodel; sourceTree = "<group>"; };
		991996F81DBFC89F00D3EA8A /* Assets.xcassets */ = {isa = PBXFileReference; lastKnownFileType = folder.assetcatalog; path = Assets.xcassets; sourceTree = "<group>"; };
		991996FB1DBFC89F00D3EA8A /* Base */ = {isa = PBXFileReference; lastKnownFileType = file.storyboard; name = Base; path = Base.lproj/LaunchScreen.storyboard; sourceTree = "<group>"; };
		991996FD1DBFC89F00D3EA8A /* Info.plist */ = {isa = PBXFileReference; lastKnownFileType = text.plist.xml; path = Info.plist; sourceTree = "<group>"; };
		991997031DBFC9BE00D3EA8A /* FacebookLogin-Bridging-Header.h */ = {isa = PBXFileReference; lastKnownFileType = sourcecode.c.h; path = "FacebookLogin-Bridging-Header.h"; sourceTree = "<group>"; };
		991997041DBFCBC500D3EA8A /* GoogleService-Info.plist */ = {isa = PBXFileReference; fileEncoding = 4; lastKnownFileType = text.plist.xml; path = "GoogleService-Info.plist"; sourceTree = "<group>"; };
		A003DE47A9704D608FB50AF3 /* Pods-FacebookLogin.debug.xcconfig */ = {isa = PBXFileReference; includeInIndex = 1; lastKnownFileType = text.xcconfig; name = "Pods-FacebookLogin.debug.xcconfig"; path = "Pods/Target Support Files/Pods-FacebookLogin/Pods-FacebookLogin.debug.xcconfig"; sourceTree = "<group>"; };
/* End PBXFileReference section */

/* Begin PBXFrameworksBuildPhase section */
		991996E81DBFC89F00D3EA8A /* Frameworks */ = {
			isa = PBXFrameworksBuildPhase;
			buildActionMask = 2147483647;
			files = (
				CEB8ECE19FE4905389D90778 /* Pods_FacebookLogin.framework in Frameworks */,
			);
			runOnlyForDeploymentPostprocessing = 0;
		};
/* End PBXFrameworksBuildPhase section */

/* Begin PBXGroup section */
		6702EDF41A30C393FDC0F71C /* Pods */ = {
			isa = PBXGroup;
			children = (
				A003DE47A9704D608FB50AF3 /* Pods-FacebookLogin.debug.xcconfig */,
				41E0A3255A72A2D82A230E0F /* Pods-FacebookLogin.release.xcconfig */,
			);
			name = Pods;
			sourceTree = "<group>";
		};
		991996E21DBFC89F00D3EA8A = {
			isa = PBXGroup;
			children = (
				991996ED1DBFC89F00D3EA8A /* FacebookLogin */,
				991996EC1DBFC89F00D3EA8A /* Products */,
				6702EDF41A30C393FDC0F71C /* Pods */,
				E29E42842EB883F4D4D64E21 /* Frameworks */,
			);
			sourceTree = "<group>";
		};
		991996EC1DBFC89F00D3EA8A /* Products */ = {
			isa = PBXGroup;
			children = (
				991996EB1DBFC89F00D3EA8A /* FacebookLogin.app */,
			);
			name = Products;
			sourceTree = "<group>";
		};
		991996ED1DBFC89F00D3EA8A /* FacebookLogin */ = {
			isa = PBXGroup;
			children = (
				991996EE1DBFC89F00D3EA8A /* AppDelegate.swift */,
				991996F01DBFC89F00D3EA8A /* LoginController.swift */,
				991996F21DBFC89F00D3EA8A /* Main.storyboard */,
				991996F81DBFC89F00D3EA8A /* Assets.xcassets */,
				991996FA1DBFC89F00D3EA8A /* LaunchScreen.storyboard */,
				991996FD1DBFC89F00D3EA8A /* Info.plist */,
				991996F51DBFC89F00D3EA8A /* FacebookLogin.xcdatamodeld */,
				991997031DBFC9BE00D3EA8A /* FacebookLogin-Bridging-Header.h */,
				991997041DBFCBC500D3EA8A /* GoogleService-Info.plist */,
			);
			path = FacebookLogin;
			sourceTree = "<group>";
		};
		E29E42842EB883F4D4D64E21 /* Frameworks */ = {
			isa = PBXGroup;
			children = (
				42C753EF773EAE68566140CC /* Pods_FacebookLogin.framework */,
			);
			name = Frameworks;
			sourceTree = "<group>";
		};
/* End PBXGroup section */

/* Begin PBXNativeTarget section */
		991996EA1DBFC89F00D3EA8A /* FacebookLogin */ = {
			isa = PBXNativeTarget;
			buildConfigurationList = 991997001DBFC89F00D3EA8A /* Build configuration list for PBXNativeTarget "FacebookLogin" */;
			buildPhases = (
				F3FF9F64DC99BE5FA94B103C /* [CP] Check Pods Manifest.lock */,
				991996E71DBFC89F00D3EA8A /* Sources */,
				991996E81DBFC89F00D3EA8A /* Frameworks */,
				991996E91DBFC89F00D3EA8A /* Resources */,
				4E1094EE58AE532DB7181C7D /* [CP] Embed Pods Frameworks */,
				9212F22174CCBC63300E89FA /* [CP] Copy Pods Resources */,
			);
			buildRules = (
			);
			dependencies = (
			);
			name = FacebookLogin;
			productName = FacebookLogin;
			productReference = 991996EB1DBFC89F00D3EA8A /* FacebookLogin.app */;
			productType = "com.apple.product-type.application";
		};
/* End PBXNativeTarget section */

/* Begin PBXProject section */
		991996E31DBFC89F00D3EA8A /* Project object */ = {
			isa = PBXProject;
			attributes = {
				LastSwiftUpdateCheck = 0800;
				LastUpgradeCheck = 0800;
				ORGANIZATIONNAME = ZiadCorp;
				TargetAttributes = {
					991996EA1DBFC89F00D3EA8A = {
						CreatedOnToolsVersion = 8.0;
						DevelopmentTeam = 6F75VTXEGM;
						ProvisioningStyle = Automatic;
					};
				};
			};
			buildConfigurationList = 991996E61DBFC89F00D3EA8A /* Build configuration list for PBXProject "FacebookLogin" */;
			compatibilityVersion = "Xcode 3.2";
			developmentRegion = English;
			hasScannedForEncodings = 0;
			knownRegions = (
				en,
				Base,
			);
			mainGroup = 991996E21DBFC89F00D3EA8A;
			productRefGroup = 991996EC1DBFC89F00D3EA8A /* Products */;
			projectDirPath = "";
			projectRoot = "";
			targets = (
				991996EA1DBFC89F00D3EA8A /* FacebookLogin */,
			);
		};
/* End PBXProject section */

/* Begin PBXResourcesBuildPhase section */
		991996E91DBFC89F00D3EA8A /* Resources */ = {
			isa = PBXResourcesBuildPhase;
			buildActionMask = 2147483647;
			files = (
				991996FC1DBFC89F00D3EA8A /* LaunchScreen.storyboard in Resources */,
				991996F91DBFC89F00D3EA8A /* Assets.xcassets in Resources */,
				991996F41DBFC89F00D3EA8A /* Main.storyboard in Resources */,
				991997051DBFCBC500D3EA8A /* GoogleService-Info.plist in Resources */,
			);
			runOnlyForDeploymentPostprocessing = 0;
		};
/* End PBXResourcesBuildPhase section */

/* Begin PBXShellScriptBuildPhase section */
		4E1094EE58AE532DB7181C7D /* [CP] Embed Pods Frameworks */ = {
			isa = PBXShellScriptBuildPhase;
			buildActionMask = 2147483647;
			files = (
			);
			inputPaths = (
			);
			name = "[CP] Embed Pods Frameworks";
			outputPaths = (
			);
			runOnlyForDeploymentPostprocessing = 0;
			shellPath = /bin/sh;
			shellScript = "\"${SRCROOT}/Pods/Target Support Files/Pods-FacebookLogin/Pods-FacebookLogin-frameworks.sh\"\n";
			showEnvVarsInLog = 0;
		};
		9212F22174CCBC63300E89FA /* [CP] Copy Pods Resources */ = {
			isa = PBXShellScriptBuildPhase;
			buildActionMask = 2147483647;
			files = (
			);
			inputPaths = (
			);
			name = "[CP] Copy Pods Resources";
			outputPaths = (
			);
			runOnlyForDeploymentPostprocessing = 0;
			shellPath = /bin/sh;
			shellScript = "\"${SRCROOT}/Pods/Target Support Files/Pods-FacebookLogin/Pods-FacebookLogin-resources.sh\"\n";
			showEnvVarsInLog = 0;
		};
		F3FF9F64DC99BE5FA94B103C /* [CP] Check Pods Manifest.lock */ = {
			isa = PBXShellScriptBuildPhase;
			buildActionMask = 2147483647;
			files = (
			);
			inputPaths = (
			);
			name = "[CP] Check Pods Manifest.lock";
			outputPaths = (
			);
			runOnlyForDeploymentPostprocessing = 0;
			shellPath = /bin/sh;
			shellScript = "diff \"${PODS_ROOT}/../Podfile.lock\" \"${PODS_ROOT}/Manifest.lock\" > /dev/null\nif [ $? != 0 ] ; then\n    # print error to STDERR\n    echo \"error: The sandbox is not in sync with the Podfile.lock. Run 'pod install' or update your CocoaPods installation.\" >&2\n    exit 1\nfi\n";
			showEnvVarsInLog = 0;
		};
/* End PBXShellScriptBuildPhase section */

/* Begin PBXSourcesBuildPhase section */
		991996E71DBFC89F00D3EA8A /* Sources */ = {
			isa = PBXSourcesBuildPhase;
			buildActionMask = 2147483647;
			files = (
				991996F11DBFC89F00D3EA8A /* LoginController.swift in Sources */,
				991996EF1DBFC89F00D3EA8A /* AppDelegate.swift in Sources */,
				991996F71DBFC89F00D3EA8A /* FacebookLogin.xcdatamodeld in Sources */,
			);
			runOnlyForDeploymentPostprocessing = 0;
		};
/* End PBXSourcesBuildPhase section */

/* Begin PBXVariantGroup section */
		991996F21DBFC89F00D3EA8A /* Main.storyboard */ = {
			isa = PBXVariantGroup;
			children = (
				991996F31DBFC89F00D3EA8A /* Base */,
			);
			name = Main.storyboard;
			sourceTree = "<group>";
		};
		991996FA1DBFC89F00D3EA8A /* LaunchScreen.storyboard */ = {
			isa = PBXVariantGroup;
			children = (
				991996FB1DBFC89F00D3EA8A /* Base */,
			);
			name = LaunchScreen.storyboard;
			sourceTree = "<group>";
		};
/* End PBXVariantGroup section */

/* Begin XCBuildConfiguration section */
		991996FE1DBFC89F00D3EA8A /* Debug */ = {
			isa = XCBuildConfiguration;
			buildSettings = {
				ALWAYS_SEARCH_USER_PATHS = NO;
				CLANG_ANALYZER_NONNULL = YES;
				CLANG_CXX_LANGUAGE_STANDARD = "gnu++0x";
				CLANG_CXX_LIBRARY = "libc++";
				CLANG_ENABLE_MODULES = YES;
				CLANG_ENABLE_OBJC_ARC = YES;
				CLANG_WARN_BOOL_CONVERSION = YES;
				CLANG_WARN_CONSTANT_CONVERSION = YES;
				CLANG_WARN_DIRECT_OBJC_ISA_USAGE = YES_ERROR;
				CLANG_WARN_DOCUMENTATION_COMMENTS = YES;
				CLANG_WARN_EMPTY_BODY = YES;
				CLANG_WARN_ENUM_CONVERSION = YES;
				CLANG_WARN_INFINITE_RECURSION = YES;
				CLANG_WARN_INT_CONVERSION = YES;
				CLANG_WARN_OBJC_ROOT_CLASS = YES_ERROR;
				CLANG_WARN_SUSPICIOUS_MOVES = YES;
				CLANG_WARN_UNREACHABLE_CODE = YES;
				CLANG_WARN__DUPLICATE_METHOD_MATCH = YES;
				"CODE_SIGN_IDENTITY[sdk=iphoneos*]" = "iPhone Developer";
				COPY_PHASE_STRIP = NO;
				DEBUG_INFORMATION_FORMAT = dwarf;
				ENABLE_STRICT_OBJC_MSGSEND = YES;
				ENABLE_TESTABILITY = YES;
				GCC_C_LANGUAGE_STANDARD = gnu99;
				GCC_DYNAMIC_NO_PIC = NO;
				GCC_NO_COMMON_BLOCKS = YES;
				GCC_OPTIMIZATION_LEVEL = 0;
				GCC_PREPROCESSOR_DEFINITIONS = (
					"DEBUG=1",
					"$(inherited)",
				);
				GCC_WARN_64_TO_32_BIT_CONVERSION = YES;
				GCC_WARN_ABOUT_RETURN_TYPE = YES_ERROR;
				GCC_WARN_UNDECLARED_SELECTOR = YES;
				GCC_WARN_UNINITIALIZED_AUTOS = YES_AGGRESSIVE;
				GCC_WARN_UNUSED_FUNCTION = YES;
				GCC_WARN_UNUSED_VARIABLE = YES;
				IPHONEOS_DEPLOYMENT_TARGET = 10.0;
				MTL_ENABLE_DEBUG_INFO = YES;
				ONLY_ACTIVE_ARCH = YES;
				SDKROOT = iphoneos;
				SWIFT_ACTIVE_COMPILATION_CONDITIONS = DEBUG;
				SWIFT_OPTIMIZATION_LEVEL = "-Onone";
			};
			name = Debug;
		};
		991996FF1DBFC89F00D3EA8A /* Release */ = {
			isa = XCBuildConfiguration;
			buildSettings = {
				ALWAYS_SEARCH_USER_PATHS = NO;
				CLANG_ANALYZER_NONNULL = YES;
				CLANG_CXX_LANGUAGE_STANDARD = "gnu++0x";
				CLANG_CXX_LIBRARY = "libc++";
				CLANG_ENABLE_MODULES = YES;
				CLANG_ENABLE_OBJC_ARC = YES;
				CLANG_WARN_BOOL_CONVERSION = YES;
				CLANG_WARN_CONSTANT_CONVERSION = YES;
				CLANG_WARN_DIRECT_OBJC_ISA_USAGE = YES_ERROR;
				CLANG_WARN_DOCUMENTATION_COMMENTS = YES;
				CLANG_WARN_EMPTY_BODY = YES;
				CLANG_WARN_ENUM_CONVERSION = YES;
				CLANG_WARN_INFINITE_RECURSION = YES;
				CLANG_WARN_INT_CONVERSION = YES;
				CLANG_WARN_OBJC_ROOT_CLASS = YES_ERROR;
				CLANG_WARN_SUSPICIOUS_MOVES = YES;
				CLANG_WARN_UNREACHABLE_CODE = YES;
				CLANG_WARN__DUPLICATE_METHOD_MATCH = YES;
				"CODE_SIGN_IDENTITY[sdk=iphoneos*]" = "iPhone Developer";
				COPY_PHASE_STRIP = NO;
				DEBUG_INFORMATION_FORMAT = "dwarf-with-dsym";
				ENABLE_NS_ASSERTIONS = NO;
				ENABLE_STRICT_OBJC_MSGSEND = YES;
				GCC_C_LANGUAGE_STANDARD = gnu99;
				GCC_NO_COMMON_BLOCKS = YES;
				GCC_WARN_64_TO_32_BIT_CONVERSION = YES;
				GCC_WARN_ABOUT_RETURN_TYPE = YES_ERROR;
				GCC_WARN_UNDECLARED_SELECTOR = YES;
				GCC_WARN_UNINITIALIZED_AUTOS = YES_AGGRESSIVE;
				GCC_WARN_UNUSED_FUNCTION = YES;
				GCC_WARN_UNUSED_VARIABLE = YES;
				IPHONEOS_DEPLOYMENT_TARGET = 10.0;
				MTL_ENABLE_DEBUG_INFO = NO;
				SDKROOT = iphoneos;
				SWIFT_OPTIMIZATION_LEVEL = "-Owholemodule";
				VALIDATE_PRODUCT = YES;
			};
			name = Release;
		};
		991997011DBFC89F00D3EA8A /* Debug */ = {
			isa = XCBuildConfiguration;
			baseConfigurationReference = A003DE47A9704D608FB50AF3 /* Pods-FacebookLogin.debug.xcconfig */;
			buildSettings = {
				ASSETCATALOG_COMPILER_APPICON_NAME = AppIcon;
				DEVELOPMENT_TEAM = 6F75VTXEGM;
				INFOPLIST_FILE = FacebookLogin/Info.plist;
				LD_RUNPATH_SEARCH_PATHS = "$(inherited) @executable_path/Frameworks";
				PRODUCT_BUNDLE_IDENTIFIER = com.ZiadCorp.FacebookLogin;
				PRODUCT_NAME = "$(TARGET_NAME)";
				SWIFT_VERSION = 3.0;
			};
			name = Debug;
		};
		991997021DBFC89F00D3EA8A /* Release */ = {
			isa = XCBuildConfiguration;
			baseConfigurationReference = 41E0A3255A72A2D82A230E0F /* Pods-FacebookLogin.release.xcconfig */;
			buildSettings = {
				ASSETCATALOG_COMPILER_APPICON_NAME = AppIcon;
				DEVELOPMENT_TEAM = 6F75VTXEGM;
				INFOPLIST_FILE = FacebookLogin/Info.plist;
				LD_RUNPATH_SEARCH_PATHS = "$(inherited) @executable_path/Frameworks";
				PRODUCT_BUNDLE_IDENTIFIER = com.ZiadCorp.FacebookLogin;
				PRODUCT_NAME = "$(TARGET_NAME)";
				SWIFT_VERSION = 3.0;
			};
			name = Release;
		};
/* End XCBuildConfiguration section */

/* Begin XCConfigurationList section */
		991996E61DBFC89F00D3EA8A /* Build configuration list for PBXProject "FacebookLogin" */ = {
			isa = XCConfigurationList;
			buildConfigurations = (
				991996FE1DBFC89F00D3EA8A /* Debug */,
				991996FF1DBFC89F00D3EA8A /* Release */,
			);
			defaultConfigurationIsVisible = 0;
			defaultConfigurationName = Release;
		};
		991997001DBFC89F00D3EA8A /* Build configuration list for PBXNativeTarget "FacebookLogin" */ = {
			isa = XCConfigurationList;
			buildConfigurations = (
				991997011DBFC89F00D3EA8A /* Debug */,
				991997021DBFC89F00D3EA8A /* Release */,
			);
			defaultConfigurationIsVisible = 0;
			defaultConfigurationName = Release;
		};
/* End XCConfigurationList section */

/* Begin XCVersionGroup section */
		991996F51DBFC89F00D3EA8A /* FacebookLogin.xcdatamodeld */ = {
			isa = XCVersionGroup;
			children = (
				991996F61DBFC89F00D3EA8A /* FacebookLogin.xcdatamodel */,
			);
			currentVersion = 991996F61DBFC89F00D3EA8A /* FacebookLogin.xcdatamodel */;
			path = FacebookLogin.xcdatamodeld;
			sourceTree = "<group>";
			versionGroupType = wrapper.xcdatamodel;
		};
/* End XCVersionGroup section */
	};
	rootObject = 991996E31DBFC89F00D3EA8A /* Project object */;
}
